
Microsoft Visual Studio Solution File, Format Version 12.00
# Visual Studio Version 16
VisualStudioVersion = 16.0.31025.194
MinimumVisualStudioVersion = 10.0.40219.1
Project("{FAE04EC0-301F-11D3-BF4B-00C04F79EFBC}") = "WebApi_Assignment", "WebApi_Assignment\WebApi_Assignment.csproj", "{D935C395-20AD-4D34-BC96-877BABA79517}"
EndProject
Project("{FAE04EC0-301F-11D3-BF4B-00C04F79EFBC}") = "Console_Client", "Console_Client\Console_Client.csproj", "{95019BB4-7682-4341-B432-94E4CAF35FE6}"
EndProject
Project("{FAE04EC0-301F-11D3-BF4B-00C04F79EFBC}") = "mvcclient", "mvcclient\mvcclient.csproj", "{0D391E49-B4E5-4740-A4D4-A2CE4ED413B8}"
EndProject
Global
	GlobalSection(SolutionConfigurationPlatforms) = preSolution
		Debug|Any CPU = Debug|Any CPU
		Release|Any CPU = Release|Any CPU
	EndGlobalSection
	GlobalSection(ProjectConfigurationPlatforms) = postSolution
		{D935C395-20AD-4D34-BC96-877BABA79517}.Debug|Any CPU.ActiveCfg = Debug|Any CPU
		{D935C395-20AD-4D34-BC96-877BABA79517}.Debug|Any CPU.Build.0 = Debug|Any CPU
		{D935C395-20AD-4D34-BC96-877BABA79517}.Release|Any CPU.ActiveCfg = Release|Any CPU
		{D935C395-20AD-4D34-BC96-877BABA79517}.Release|Any CPU.Build.0 = Release|Any CPU
		{95019BB4-7682-4341-B432-94E4CAF35FE6}.Debug|Any CPU.ActiveCfg = Debug|Any CPU
		{95019BB4-7682-4341-B432-94E4CAF35FE6}.Debug|Any CPU.Build.0 = Debug|Any CPU
		{95019BB4-7682-4341-B432-94E4CAF35FE6}.Release|Any CPU.ActiveCfg = Release|Any CPU
		{95019BB4-7682-4341-B432-94E4CAF35FE6}.Release|Any CPU.Build.0 = Release|Any CPU
		{0D391E49-B4E5-4740-A4D4-A2CE4ED413B8}.Debug|Any CPU.ActiveCfg = Debug|Any CPU
		{0D391E49-B4E5-4740-A4D4-A2CE4ED413B8}.Debug|Any CPU.Build.0 = Debug|Any CPU
		{0D391E49-B4E5-4740-A4D4-A2CE4ED413B8}.Release|Any CPU.ActiveCfg = Release|Any CPU
		{0D391E49-B4E5-4740-A4D4-A2CE4ED413B8}.Release|Any CPU.Build.0 = Release|Any CPU
	EndGlobalSection
	GlobalSection(SolutionProperties) = preSolution
		HideSolutionNode = FALSE
	EndGlobalSection
	GlobalSection(ExtensibilityGlobals) = postSolution
		SolutionGuid = {C0CEE0E4-3818-445C-B3D6-E44393ECA931}
	EndGlobalSection
EndGlobal
